
Microsoft Visual Studio Solution File, Format Version 12.00
# Visual Studio Version 17
VisualStudioVersion = 17.8.34322.80
MinimumVisualStudioVersion = 10.0.40219.1
Project("{9A19103F-16F7-4668-BE54-9A1E7A4F7556}") = "Week6StringsAndArrays", "Week6StringsAndArrays\Week6StringsAndArrays.csproj", "{24D50C51-8283-452D-B839-62ABCFED530A}"
EndProject
Project("{FAE04EC0-301F-11D3-BF4B-00C04F79EFBC}") = "Arrays", "Arrays\Arrays.csproj", "{DFD1B55D-80E1-44DB-9A69-8FC07DD5E0C2}"
EndProject
Project("{FAE04EC0-301F-11D3-BF4B-00C04F79EFBC}") = "NumberArrays", "NumberArrays\NumberArrays.csproj", "{CAF83156-7F71-44C8-8750-E263A9E1E442}"
EndProject
Project("{FAE04EC0-301F-11D3-BF4B-00C04F79EFBC}") = "RandomElement", "RandomElement\RandomElement.csproj", "{553C83A8-7C5B-42F0-AFB4-210F68BF477B}"
EndProject
Global
	GlobalSection(SolutionConfigurationPlatforms) = preSolution
		Debug|Any CPU = Debug|Any CPU
		Release|Any CPU = Release|Any CPU
	EndGlobalSection
	GlobalSection(ProjectConfigurationPlatforms) = postSolution
		{24D50C51-8283-452D-B839-62ABCFED530A}.Debug|Any CPU.ActiveCfg = Debug|Any CPU
		{24D50C51-8283-452D-B839-62ABCFED530A}.Debug|Any CPU.Build.0 = Debug|Any CPU
		{24D50C51-8283-452D-B839-62ABCFED530A}.Release|Any CPU.ActiveCfg = Release|Any CPU
		{24D50C51-8283-452D-B839-62ABCFED530A}.Release|Any CPU.Build.0 = Release|Any CPU
		{DFD1B55D-80E1-44DB-9A69-8FC07DD5E0C2}.Debug|Any CPU.ActiveCfg = Debug|Any CPU
		{DFD1B55D-80E1-44DB-9A69-8FC07DD5E0C2}.Debug|Any CPU.Build.0 = Debug|Any CPU
		{DFD1B55D-80E1-44DB-9A69-8FC07DD5E0C2}.Release|Any CPU.ActiveCfg = Release|Any CPU
		{DFD1B55D-80E1-44DB-9A69-8FC07DD5E0C2}.Release|Any CPU.Build.0 = Release|Any CPU
		{CAF83156-7F71-44C8-8750-E263A9E1E442}.Debug|Any CPU.ActiveCfg = Debug|Any CPU
		{CAF83156-7F71-44C8-8750-E263A9E1E442}.Debug|Any CPU.Build.0 = Debug|Any CPU
		{CAF83156-7F71-44C8-8750-E263A9E1E442}.Release|Any CPU.ActiveCfg = Release|Any CPU
		{CAF83156-7F71-44C8-8750-E263A9E1E442}.Release|Any CPU.Build.0 = Release|Any CPU
		{553C83A8-7C5B-42F0-AFB4-210F68BF477B}.Debug|Any CPU.ActiveCfg = Debug|Any CPU
		{553C83A8-7C5B-42F0-AFB4-210F68BF477B}.Debug|Any CPU.Build.0 = Debug|Any CPU
		{553C83A8-7C5B-42F0-AFB4-210F68BF477B}.Release|Any CPU.ActiveCfg = Release|Any CPU
		{553C83A8-7C5B-42F0-AFB4-210F68BF477B}.Release|Any CPU.Build.0 = Release|Any CPU
	EndGlobalSection
	GlobalSection(SolutionProperties) = preSolution
		HideSolutionNode = FALSE
	EndGlobalSection
	GlobalSection(ExtensibilityGlobals) = postSolution
		SolutionGuid = {92D9F51B-2B12-45FF-8914-819568E3C465}
	EndGlobalSection
EndGlobal
